
Microsoft Visual Studio Solution File, Format Version 12.00
# Visual Studio Version 16
VisualStudioVersion = 16.0.29519.181
MinimumVisualStudioVersion = 10.0.40219.1
Project("{FAE04EC0-301F-11D3-BF4B-00C04F79EFBC}") = "rtz", "rtz\rtz.csproj", "{B0EE366E-CCBC-4FCA-9123-2FAD30303E8A}"
EndProject
Global
	GlobalSection(SolutionConfigurationPlatforms) = preSolution
		Debug|Any CPU = Debug|Any CPU
		Release|Any CPU = Release|Any CPU
	EndGlobalSection
	GlobalSection(ProjectConfigurationPlatforms) = postSolution
		{B0EE366E-CCBC-4FCA-9123-2FAD30303E8A}.Debug|Any CPU.ActiveCfg = Debug|Any CPU
		{B0EE366E-CCBC-4FCA-9123-2FAD30303E8A}.Debug|Any CPU.Build.0 = Debug|Any CPU
		{B0EE366E-CCBC-4FCA-9123-2FAD30303E8A}.Release|Any CPU.ActiveCfg = Release|Any CPU
		{B0EE366E-CCBC-4FCA-9123-2FAD30303E8A}.Release|Any CPU.Build.0 = Release|Any CPU
	EndGlobalSection
	GlobalSection(SolutionProperties) = preSolution
		HideSolutionNode = FALSE
	EndGlobalSection
	GlobalSection(ExtensibilityGlobals) = postSolution
		SolutionGuid = {BF106A12-4254-4E8C-AB94-E0DE45E67E5F}
	EndGlobalSection
EndGlobal
